// !$*UTF8*$!
{
	archiveVersion = 1;
	classes = {
	};
	objectVersion = 46;
	objects = {

/* Begin PBXBuildFile section */
		D94590321B75594A00254FD3 /* AppDelegate.swift in Sources */ = {isa = PBXBuildFile; fileRef = D94590311B75594A00254FD3 /* AppDelegate.swift */; };
		D94590341B75594A00254FD3 /* ViewController.swift in Sources */ = {isa = PBXBuildFile; fileRef = D94590331B75594A00254FD3 /* ViewController.swift */; };
		D94590371B75594A00254FD3 /* Main.storyboard in Resources */ = {isa = PBXBuildFile; fileRef = D94590351B75594A00254FD3 /* Main.storyboard */; };
		D94590391B75594A00254FD3 /* Images.xcassets in Resources */ = {isa = PBXBuildFile; fileRef = D94590381B75594A00254FD3 /* Images.xcassets */; };
		D945903C1B75594A00254FD3 /* LaunchScreen.xib in Resources */ = {isa = PBXBuildFile; fileRef = D945903A1B75594A00254FD3 /* LaunchScreen.xib */; };
		D94590481B75594A00254FD3 /* Bluetooth_Lab2_IAD_1508Tests.swift in Sources */ = {isa = PBXBuildFile; fileRef = D94590471B75594A00254FD3 /* Bluetooth_Lab2_IAD_1508Tests.swift */; };
/* End PBXBuildFile section */

/* Begin PBXContainerItemProxy section */
		D94590421B75594A00254FD3 /* PBXContainerItemProxy */ = {
			isa = PBXContainerItemProxy;
			containerPortal = D94590241B75594A00254FD3 /* Project object */;
			proxyType = 1;
			remoteGlobalIDString = D945902B1B75594A00254FD3;
			remoteInfo = "Bluetooth-Lab2-IAD-1508";
		};
/* End PBXContainerItemProxy section */

/* Begin PBXFileReference section */
		D945902C1B75594A00254FD3 /* Bluetooth-Lab2-IAD-1508.app */ = {isa = PBXFileReference; explicitFileType = wrapper.application; includeInIndex = 0; path = "Bluetooth-Lab2-IAD-1508.app"; sourceTree = BUILT_PRODUCTS_DIR; };
		D94590301B75594A00254FD3 /* Info.plist */ = {isa = PBXFileReference; lastKnownFileType = text.plist.xml; path = Info.plist; sourceTree = "<group>"; };
		D94590311B75594A00254FD3 /* AppDelegate.swift */ = {isa = PBXFileReference; lastKnownFileType = sourcecode.swift; path = AppDelegate.swift; sourceTree = "<group>"; };
		D94590331B75594A00254FD3 /* ViewController.swift */ = {isa = PBXFileReference; lastKnownFileType = sourcecode.swift; path = ViewController.swift; sourceTree = "<group>"; };
		D94590361B75594A00254FD3 /* Base */ = {isa = PBXFileReference; lastKnownFileType = file.storyboard; name = Base; path = Base.lproj/Main.storyboard; sourceTree = "<group>"; };
		D94590381B75594A00254FD3 /* Images.xcassets */ = {isa = PBXFileReference; lastKnownFileType = folder.assetcatalog; path = Images.xcassets; sourceTree = "<group>"; };
		D945903B1B75594A00254FD3 /* Base */ = {isa = PBXFileReference; lastKnownFileType = file.xib; name = Base; path = Base.lproj/LaunchScreen.xib; sourceTree = "<group>"; };
		D94590411B75594A00254FD3 /* Bluetooth-Lab2-IAD-1508Tests.xctest */ = {isa = PBXFileReference; explicitFileType = wrapper.cfbundle; includeInIndex = 0; path = "Bluetooth-Lab2-IAD-1508Tests.xctest"; sourceTree = BUILT_PRODUCTS_DIR; };
		D94590461B75594A00254FD3 /* Info.plist */ = {isa = PBXFileReference; lastKnownFileType = text.plist.xml; path = Info.plist; sourceTree = "<group>"; };
		D94590471B75594A00254FD3 /* Bluetooth_Lab2_IAD_1508Tests.swift */ = {isa = PBXFileReference; lastKnownFileType = sourcecode.swift; path = Bluetooth_Lab2_IAD_1508Tests.swift; sourceTree = "<group>"; };
/* End PBXFileReference section */

/* Begin PBXFrameworksBuildPhase section */
		D94590291B75594A00254FD3 /* Frameworks */ = {
			isa = PBXFrameworksBuildPhase;
			buildActionMask = 2147483647;
			files = (
			);
			runOnlyForDeploymentPostprocessing = 0;
		};
		D945903E1B75594A00254FD3 /* Frameworks */ = {
			isa = PBXFrameworksBuildPhase;
			buildActionMask = 2147483647;
			files = (
			);
			runOnlyForDeploymentPostprocessing = 0;
		};
/* End PBXFrameworksBuildPhase section */

/* Begin PBXGroup section */
		D94590231B75594A00254FD3 = {
			isa = PBXGroup;
			children = (
				D945902E1B75594A00254FD3 /* Bluetooth-Lab2-IAD-1508 */,
				D94590441B75594A00254FD3 /* Bluetooth-Lab2-IAD-1508Tests */,
				D945902D1B75594A00254FD3 /* Products */,
			);
			sourceTree = "<group>";
		};
		D945902D1B75594A00254FD3 /* Products */ = {
			isa = PBXGroup;
			children = (
				D945902C1B75594A00254FD3 /* Bluetooth-Lab2-IAD-1508.app */,
				D94590411B75594A00254FD3 /* Bluetooth-Lab2-IAD-1508Tests.xctest */,
			);
			name = Products;
			sourceTree = "<group>";
		};
		D945902E1B75594A00254FD3 /* Bluetooth-Lab2-IAD-1508 */ = {
			isa = PBXGroup;
			children = (
				D94590311B75594A00254FD3 /* AppDelegate.swift */,
				D94590331B75594A00254FD3 /* ViewController.swift */,
				D94590351B75594A00254FD3 /* Main.storyboard */,
				D94590381B75594A00254FD3 /* Images.xcassets */,
				D945903A1B75594A00254FD3 /* LaunchScreen.xib */,
				D945902F1B75594A00254FD3 /* Supporting Files */,
			);
			path = "Bluetooth-Lab2-IAD-1508";
			sourceTree = "<group>";
		};
		D945902F1B75594A00254FD3 /* Supporting Files */ = {
			isa = PBXGroup;
			children = (
				D94590301B75594A00254FD3 /* Info.plist */,
			);
			name = "Supporting Files";
			sourceTree = "<group>";
		};
		D94590441B75594A00254FD3 /* Bluetooth-Lab2-IAD-1508Tests */ = {
			isa = PBXGroup;
			children = (
				D94590471B75594A00254FD3 /* Bluetooth_Lab2_IAD_1508Tests.swift */,
				D94590451B75594A00254FD3 /* Supporting Files */,
			);
			path = "Bluetooth-Lab2-IAD-1508Tests";
			sourceTree = "<group>";
		};
		D94590451B75594A00254FD3 /* Supporting Files */ = {
			isa = PBXGroup;
			children = (
				D94590461B75594A00254FD3 /* Info.plist */,
			);
			name = "Supporting Files";
			sourceTree = "<group>";
		};
/* End PBXGroup section */

/* Begin PBXNativeTarget section */
		D945902B1B75594A00254FD3 /* Bluetooth-Lab2-IAD-1508 */ = {
			isa = PBXNativeTarget;
			buildConfigurationList = D945904B1B75594A00254FD3 /* Build configuration list for PBXNativeTarget "Bluetooth-Lab2-IAD-1508" */;
			buildPhases = (
				D94590281B75594A00254FD3 /* Sources */,
				D94590291B75594A00254FD3 /* Frameworks */,
				D945902A1B75594A00254FD3 /* Resources */,
			);
			buildRules = (
			);
			dependencies = (
			);
			name = "Bluetooth-Lab2-IAD-1508";
			productName = "Bluetooth-Lab2-IAD-1508";
			productReference = D945902C1B75594A00254FD3 /* Bluetooth-Lab2-IAD-1508.app */;
			productType = "com.apple.product-type.application";
		};
		D94590401B75594A00254FD3 /* Bluetooth-Lab2-IAD-1508Tests */ = {
			isa = PBXNativeTarget;
			buildConfigurationList = D945904E1B75594A00254FD3 /* Build configuration list for PBXNativeTarget "Bluetooth-Lab2-IAD-1508Tests" */;
			buildPhases = (
				D945903D1B75594A00254FD3 /* Sources */,
				D945903E1B75594A00254FD3 /* Frameworks */,
				D945903F1B75594A00254FD3 /* Resources */,
			);
			buildRules = (
			);
			dependencies = (
				D94590431B75594A00254FD3 /* PBXTargetDependency */,
			);
			name = "Bluetooth-Lab2-IAD-1508Tests";
			productName = "Bluetooth-Lab2-IAD-1508Tests";
			productReference = D94590411B75594A00254FD3 /* Bluetooth-Lab2-IAD-1508Tests.xctest */;
			productType = "com.apple.product-type.bundle.unit-test";
		};
/* End PBXNativeTarget section */

/* Begin PBXProject section */
		D94590241B75594A00254FD3 /* Project object */ = {
			isa = PBXProject;
			attributes = {
				LastUpgradeCheck = 0640;
				ORGANIZATIONNAME = "Christopher Gonzalez";
				TargetAttributes = {
					D945902B1B75594A00254FD3 = {
						CreatedOnToolsVersion = 6.4;
						DevelopmentTeam = A3RWZMX5HE;
					};
					D94590401B75594A00254FD3 = {
						CreatedOnToolsVersion = 6.4;
						TestTargetID = D945902B1B75594A00254FD3;
					};
				};
			};
			buildConfigurationList = D94590271B75594A00254FD3 /* Build configuration list for PBXProject "Bluetooth-Lab2-IAD-1508" */;
			compatibilityVersion = "Xcode 3.2";
			developmentRegion = English;
			hasScannedForEncodings = 0;
			knownRegions = (
				en,
				Base,
			);
			mainGroup = D94590231B75594A00254FD3;
			productRefGroup = D945902D1B75594A00254FD3 /* Products */;
			projectDirPath = "";
			projectRoot = "";
			targets = (
				D945902B1B75594A00254FD3 /* Bluetooth-Lab2-IAD-1508 */,
				D94590401B75594A00254FD3 /* Bluetooth-Lab2-IAD-1508Tests */,
			);
		};
/* End PBXProject section */

/* Begin PBXResourcesBuildPhase section */
		D945902A1B75594A00254FD3 /* Resources */ = {
			isa = PBXResourcesBuildPhase;
			buildActionMask = 2147483647;
			files = (
				D94590371B75594A00254FD3 /* Main.storyboard in Resources */,
				D945903C1B75594A00254FD3 /* LaunchScreen.xib in Resources */,
				D94590391B75594A00254FD3 /* Images.xcassets in Resources */,
			);
			runOnlyForDeploymentPostprocessing = 0;
		};
		D945903F1B75594A00254FD3 /* Resources */ = {
			isa = PBXResourcesBuildPhase;
			buildActionMask = 2147483647;
			files = (
			);
			runOnlyForDeploymentPostprocessing = 0;
		};
/* End PBXResourcesBuildPhase section */

/* Begin PBXSourcesBuildPhase section */
		D94590281B75594A00254FD3 /* Sources */ = {
			isa = PBXSourcesBuildPhase;
			buildActionMask = 2147483647;
			files = (
				D94590341B75594A00254FD3 /* ViewController.swift in Sources */,
				D94590321B75594A00254FD3 /* AppDelegate.swift in Sources */,
			);
			runOnlyForDeploymentPostprocessing = 0;
		};
		D945903D1B75594A00254FD3 /* Sources */ = {
			isa = PBXSourcesBuildPhase;
			buildActionMask = 2147483647;
			files = (
				D94590481B75594A00254FD3 /* Bluetooth_Lab2_IAD_1508Tests.swift in Sources */,
			);
			runOnlyForDeploymentPostprocessing = 0;
		};
/* End PBXSourcesBuildPhase section */

/* Begin PBXTargetDependency section */
		D94590431B75594A00254FD3 /* PBXTargetDependency */ = {
			isa = PBXTargetDependency;
			target = D945902B1B75594A00254FD3 /* Bluetooth-Lab2-IAD-1508 */;
			targetProxy = D94590421B75594A00254FD3 /* PBXContainerItemProxy */;
		};
/* End PBXTargetDependency section */

/* Begin PBXVariantGroup section */
		D94590351B75594A00254FD3 /* Main.storyboard */ = {
			isa = PBXVariantGroup;
			children = (
				D94590361B75594A00254FD3 /* Base */,
			);
			name = Main.storyboard;
			sourceTree = "<group>";
		};
		D945903A1B75594A00254FD3 /* LaunchScreen.xib */ = {
			isa = PBXVariantGroup;
			children = (
				D945903B1B75594A00254FD3 /* Base */,
			);
			name = LaunchScreen.xib;
			sourceTree = "<group>";
		};
/* End PBXVariantGroup section */

/* Begin XCBuildConfiguration section */
		D94590491B75594A00254FD3 /* Debug */ = {
			isa = XCBuildConfiguration;
			buildSettings = {
				ALWAYS_SEARCH_USER_PATHS = NO;
				CLANG_CXX_LANGUAGE_STANDARD = "gnu++0x";
				CLANG_CXX_LIBRARY = "libc++";
				CLANG_ENABLE_MODULES = YES;
				CLANG_ENABLE_OBJC_ARC = YES;
				CLANG_WARN_BOOL_CONVERSION = YES;
				CLANG_WARN_CONSTANT_CONVERSION = YES;
				CLANG_WARN_DIRECT_OBJC_ISA_USAGE = YES_ERROR;
				CLANG_WARN_EMPTY_BODY = YES;
				CLANG_WARN_ENUM_CONVERSION = YES;
				CLANG_WARN_INT_CONVERSION = YES;
				CLANG_WARN_OBJC_ROOT_CLASS = YES_ERROR;
				CLANG_WARN_UNREACHABLE_CODE = YES;
				CLANG_WARN__DUPLICATE_METHOD_MATCH = YES;
				"CODE_SIGN_IDENTITY[sdk=iphoneos*]" = "iPhone Developer";
				COPY_PHASE_STRIP = NO;
				DEBUG_INFORMATION_FORMAT = "dwarf-with-dsym";
				ENABLE_STRICT_OBJC_MSGSEND = YES;
				GCC_C_LANGUAGE_STANDARD = gnu99;
				GCC_DYNAMIC_NO_PIC = NO;
				GCC_NO_COMMON_BLOCKS = YES;
				GCC_OPTIMIZATION_LEVEL = 0;
				GCC_PREPROCESSOR_DEFINITIONS = (
					"DEBUG=1",
					"$(inherited)",
				);
				GCC_SYMBOLS_PRIVATE_EXTERN = NO;
				GCC_WARN_64_TO_32_BIT_CONVERSION = YES;
				GCC_WARN_ABOUT_RETURN_TYPE = YES_ERROR;
				GCC_WARN_UNDECLARED_SELECTOR = YES;
				GCC_WARN_UNINITIALIZED_AUTOS = YES_AGGRESSIVE;
				GCC_WARN_UNUSED_FUNCTION = YES;
				GCC_WARN_UNUSED_VARIABLE = YES;
				IPHONEOS_DEPLOYMENT_TARGET = 8.4;
				MTL_ENABLE_DEBUG_INFO = YES;
				ONLY_ACTIVE_ARCH = YES;
				SDKROOT = iphoneos;
				SWIFT_OPTIMIZATION_LEVEL = "-Onone";
			};
			name = Debug;
		};
		D945904A1B75594A00254FD3 /* Release */ = {
			isa = XCBuildConfiguration;
			buildSettings = {
				ALWAYS_SEARCH_USER_PATHS = NO;
				CLANG_CXX_LANGUAGE_STANDARD = "gnu++0x";
				CLANG_CXX_LIBRARY = "libc++";
				CLANG_ENABLE_MODULES = YES;
				CLANG_ENABLE_OBJC_ARC = YES;
				CLANG_WARN_BOOL_CONVERSION = YES;
				CLANG_WARN_CONSTANT_CONVERSION = YES;
				CLANG_WARN_DIRECT_OBJC_ISA_USAGE = YES_ERROR;
				CLANG_WARN_EMPTY_BODY = YES;
				CLANG_WARN_ENUM_CONVERSION = YES;
				CLANG_WARN_INT_CONVERSION = YES;
				CLANG_WARN_OBJC_ROOT_CLASS = YES_ERROR;
				CLANG_WARN_UNREACHABLE_CODE = YES;
				CLANG_WARN__DUPLICATE_METHOD_MATCH = YES;
				"CODE_SIGN_IDENTITY[sdk=iphoneos*]" = "iPhone Developer";
				COPY_PHASE_STRIP = NO;
				DEBUG_INFORMATION_FORMAT = "dwarf-with-dsym";
				ENABLE_NS_ASSERTIONS = NO;
				ENABLE_STRICT_OBJC_MSGSEND = YES;
				GCC_C_LANGUAGE_STANDARD = gnu99;
				GCC_NO_COMMON_BLOCKS = YES;
				GCC_WARN_64_TO_32_BIT_CONVERSION = YES;
				GCC_WARN_ABOUT_RETURN_TYPE = YES_ERROR;
				GCC_WARN_UNDECLARED_SELECTOR = YES;
				GCC_WARN_UNINITIALIZED_AUTOS = YES_AGGRESSIVE;
				GCC_WARN_UNUSED_FUNCTION = YES;
				GCC_WARN_UNUSED_VARIABLE = YES;
				IPHONEOS_DEPLOYMENT_TARGET = 8.4;
				MTL_ENABLE_DEBUG_INFO = NO;
				SDKROOT = iphoneos;
				VALIDATE_PRODUCT = YES;
			};
			name = Release;
		};
		D945904C1B75594A00254FD3 /* Debug */ = {
			isa = XCBuildConfiguration;
			buildSettings = {
				ASSETCATALOG_COMPILER_APPICON_NAME = AppIcon;
				CODE_SIGN_IDENTITY = "iPhone Developer";
				INFOPLIST_FILE = "Bluetooth-Lab2-IAD-1508/Info.plist";
				IPHONEOS_DEPLOYMENT_TARGET = 8.4;
				LD_RUNPATH_SEARCH_PATHS = "$(inherited) @executable_path/Frameworks";
				PRODUCT_NAME = "$(TARGET_NAME)";
			};
			name = Debug;
		};
		D945904D1B75594A00254FD3 /* Release */ = {
			isa = XCBuildConfiguration;
			buildSettings = {
				ASSETCATALOG_COMPILER_APPICON_NAME = AppIcon;
				CODE_SIGN_IDENTITY = "iPhone Developer";
				INFOPLIST_FILE = "Bluetooth-Lab2-IAD-1508/Info.plist";
				IPHONEOS_DEPLOYMENT_TARGET = 8.4;
				LD_RUNPATH_SEARCH_PATHS = "$(inherited) @executable_path/Frameworks";
				PRODUCT_NAME = "$(TARGET_NAME)";
			};
			name = Release;
		};
		D945904F1B75594A00254FD3 /* Debug */ = {
			isa = XCBuildConfiguration;
			buildSettings = {
				BUNDLE_LOADER = "$(TEST_HOST)";
				FRAMEWORK_SEARCH_PATHS = (
					"$(SDKROOT)/Developer/Library/Frameworks",
					"$(inherited)",
				);
				GCC_PREPROCESSOR_DEFINITIONS = (
					"DEBUG=1",
					"$(inherited)",
				);
				INFOPLIST_FILE = "Bluetooth-Lab2-IAD-1508Tests/Info.plist";
				LD_RUNPATH_SEARCH_PATHS = "$(inherited) @executable_path/Frameworks @loader_path/Frameworks";
				PRODUCT_NAME = "$(TARGET_NAME)";
				TEST_HOST = "$(BUILT_PRODUCTS_DIR)/Bluetooth-Lab2-IAD-1508.app/Bluetooth-Lab2-IAD-1508";
			};
			name = Debug;
		};
		D94590501B75594A00254FD3 /* Release */ = {
			isa = XCBuildConfiguration;
			buildSettings = {
				BUNDLE_LOADER = "$(TEST_HOST)";
				FRAMEWORK_SEARCH_PATHS = (
					"$(SDKROOT)/Developer/Library/Frameworks",
					"$(inherited)",
				);
				INFOPLIST_FILE = "Bluetooth-Lab2-IAD-1508Tests/Info.plist";
				LD_RUNPATH_SEARCH_PATHS = "$(inherited) @executable_path/Frameworks @loader_path/Frameworks";
				PRODUCT_NAME = "$(TARGET_NAME)";
				TEST_HOST = "$(BUILT_PRODUCTS_DIR)/Bluetooth-Lab2-IAD-1508.app/Bluetooth-Lab2-IAD-1508";
			};
			name = Release;
		};
/* End XCBuildConfiguration section */

/* Begin XCConfigurationList section */
		D94590271B75594A00254FD3 /* Build configuration list for PBXProject "Bluetooth-Lab2-IAD-1508" */ = {
			isa = XCConfigurationList;
			buildConfigurations = (
				D94590491B75594A00254FD3 /* Debug */,
				D945904A1B75594A00254FD3 /* Release */,
			);
			defaultConfigurationIsVisible = 0;
			defaultConfigurationName = Release;
		};
		D945904B1B75594A00254FD3 /* Build configuration list for PBXNativeTarget "Bluetooth-Lab2-IAD-1508" */ = {
			isa = XCConfigurationList;
			buildConfigurations = (
				D945904C1B75594A00254FD3 /* Debug */,
				D945904D1B75594A00254FD3 /* Release */,
			);
			defaultConfigurationIsVisible = 0;
			defaultConfigurationName = Release;
		};
		D945904E1B75594A00254FD3 /* Build configuration list for PBXNativeTarget "Bluetooth-Lab2-IAD-1508Tests" */ = {
			isa = XCConfigurationList;
			buildConfigurations = (
				D945904F1B75594A00254FD3 /* Debug */,
				D94590501B75594A00254FD3 /* Release */,
			);
			defaultConfigurationIsVisible = 0;
			defaultConfigurationName = Release;
		};
/* End XCConfigurationList section */
	};
	rootObject = D94590241B75594A00254FD3 /* Project object */;
}
